{
  "nodes": {
    "dwarffs": {
      "inputs": {
        "nix": "nix",
        "nixpkgs": [
          "dwarffs",
          "nix",
          "nixpkgs"
        ]
      },
      "locked": {
        "lastModified": 1611240086,
        "narHash": "sha256-z8NmKUm7rfcAIkwtO4JZZo2KKDNQmHyExgNFRRzi1kM=",
        "owner": "edolstra",
        "repo": "dwarffs",
        "rev": "f691e2c991e75edb22836f1dbe632c40324215c5",
        "type": "github"
      },
      "original": {
        "owner": "edolstra",
        "repo": "dwarffs",
        "type": "github"
      }
    },
    "lowdown-src": {
      "flake": false,
      "locked": {
        "lastModified": 1598695561,
        "narHash": "sha256-gyH/5j+h/nWw0W8AcR2WKvNBUsiQ7QuxqSJNXAwV+8E=",
        "owner": "kristapsdz",
        "repo": "lowdown",
        "rev": "1705b4a26fbf065d9574dce47a94e8c7c79e052f",
        "type": "github"
      },
      "original": {
        "owner": "kristapsdz",
        "repo": "lowdown",
        "type": "github"
      }
    },
    "lowdown-src_2": {
      "flake": false,
      "locked": {
        "lastModified": 1632468475,
        "narHash": "sha256-NNOm9CbdA8cuwbvaBHslGbPTiU6bh1Ao+MpEPx4rSGo=",
        "owner": "kristapsdz",
        "repo": "lowdown",
        "rev": "6bd668af3fd098bdd07a1bedd399564141e275da",
        "type": "github"
      },
      "original": {
        "owner": "kristapsdz",
        "repo": "lowdown",
        "type": "github"
      }
    },
    "nix": {
      "inputs": {
        "lowdown-src": "lowdown-src",
        "nixpkgs": "nixpkgs"
      },
      "locked": {
        "lastModified": 1610390819,
        "narHash": "sha256-XE2ajw0BOtmEksRfeY5+CKN8PNlZnsMGL73sxykdQdM=",
        "owner": "NixOS",
        "repo": "nix",
        "rev": "6254b1f5d298ff73127d7b0f0da48f142bdc753c",
        "type": "github"
      },
      "original": {
        "id": "nix",
        "type": "indirect"
      }
    },
    "nix_2": {
      "inputs": {
        "lowdown-src": "lowdown-src_2",
        "nixpkgs": "nixpkgs_2"
      },
      "locked": {
        "lastModified": 1633283586,
        "narHash": "sha256-5bPZQhwuGcWn8Las3pVVvfumyB9t+FGwxq1N55tolFc=",
        "owner": "NixOS",
        "repo": "nix",
        "rev": "6fadb5df05845e4d7ed18c17c5e68008a97d9044",
        "type": "github"
      },
      "original": {
        "owner": "NixOS",
        "repo": "nix",
        "type": "github"
      }
    },
    "nixpkgs": {
      "locked": {
        "lastModified": 1602702596,
        "narHash": "sha256-fqJ4UgOb4ZUnCDIapDb4gCrtAah5Rnr2/At3IzMitig=",
        "owner": "NixOS",
        "repo": "nixpkgs",
        "rev": "ad0d20345219790533ebe06571f82ed6b034db31",
        "type": "github"
      },
      "original": {
        "id": "nixpkgs",
        "ref": "nixos-20.09-small",
        "type": "indirect"
      }
    },
    "nixpkgs_2": {
      "locked": {
        "lastModified": 1632864508,
        "narHash": "sha256-d127FIvGR41XbVRDPVvozUPQ/uRHbHwvfyKHwEt5xFM=",
        "owner": "NixOS",
        "repo": "nixpkgs",
        "rev": "82891b5e2c2359d7e58d08849e4c89511ab94234",
        "type": "github"
      },
      "original": {
        "id": "nixpkgs",
        "ref": "nixos-21.05-small",
        "type": "indirect"
      }
    },
    "nixpkgs_3": {
      "locked": {
        "lastModified": 1633083543,
        "narHash": "sha256-thXKms0SvDirYb8/Hw0zqAE1TsuSFWd0y51mSzkPGLU=",
        "owner": "NixOS",
        "repo": "nixpkgs",
        "rev": "92609f3d9bc3acffbdbe54fa1c591a885612aa73",
        "type": "github"
      },
      "original": {
        "owner": "NixOS",
        "ref": "nixos-21.05",
        "repo": "nixpkgs",
        "type": "github"
      }
    },
    "root": {
      "inputs": {
        "dwarffs": "dwarffs",
        "nix": "nix_2",
        "nixpkgs": "nixpkgs_3"
      }
    }
  },
  "root": "root",
  "version": 7
}
