{
  "nodes": {
    "dwarffs": {
      "inputs": {
        "nix": "nix",
        "nixpkgs": [
          "dwarffs",
          "nix",
          "nixpkgs"
        ]
      },
      "locked": {
        "lastModified": 1611240086,
        "narHash": "sha256-z8NmKUm7rfcAIkwtO4JZZo2KKDNQmHyExgNFRRzi1kM=",
        "owner": "edolstra",
        "repo": "dwarffs",
        "rev": "f691e2c991e75edb22836f1dbe632c40324215c5",
        "type": "github"
      },
      "original": {
        "owner": "edolstra",
        "repo": "dwarffs",
        "type": "github"
      }
    },
    "lowdown-src": {
      "flake": false,
      "locked": {
        "lastModified": 1598695561,
        "narHash": "sha256-gyH/5j+h/nWw0W8AcR2WKvNBUsiQ7QuxqSJNXAwV+8E=",
        "owner": "kristapsdz",
        "repo": "lowdown",
        "rev": "1705b4a26fbf065d9574dce47a94e8c7c79e052f",
        "type": "github"
      },
      "original": {
        "owner": "kristapsdz",
        "repo": "lowdown",
        "type": "github"
      }
    },
    "lowdown-src_2": {
      "flake": false,
      "locked": {
        "lastModified": 1633514407,
        "narHash": "sha256-Dw32tiMjdK9t3ETl5fzGrutQTzh2rufgZV4A/BbxuD4=",
        "owner": "kristapsdz",
        "repo": "lowdown",
        "rev": "d2c2b44ff6c27b936ec27358a2653caaef8f73b8",
        "type": "github"
      },
      "original": {
        "owner": "kristapsdz",
        "repo": "lowdown",
        "type": "github"
      }
    },
    "nix": {
      "inputs": {
        "lowdown-src": "lowdown-src",
        "nixpkgs": "nixpkgs"
      },
      "locked": {
        "lastModified": 1610390819,
        "narHash": "sha256-XE2ajw0BOtmEksRfeY5+CKN8PNlZnsMGL73sxykdQdM=",
        "owner": "NixOS",
        "repo": "nix",
        "rev": "6254b1f5d298ff73127d7b0f0da48f142bdc753c",
        "type": "github"
      },
      "original": {
        "id": "nix",
        "type": "indirect"
      }
    },
    "nix_2": {
      "inputs": {
        "lowdown-src": "lowdown-src_2",
        "nixpkgs": "nixpkgs_2"
      },
      "locked": {
        "lastModified": 1638391648,
        "narHash": "sha256-b+K+6zSbJ7uTPeKhY3lu2DoP9uc79oXeS1wW7guwXRY=",
        "owner": "NixOS",
        "repo": "nix",
        "rev": "782837d9345b70023c682a177c074333d1cb7baa",
        "type": "github"
      },
      "original": {
        "owner": "NixOS",
        "repo": "nix",
        "type": "github"
      }
    },
    "nixpkgs": {
      "locked": {
        "lastModified": 1602702596,
        "narHash": "sha256-fqJ4UgOb4ZUnCDIapDb4gCrtAah5Rnr2/At3IzMitig=",
        "owner": "NixOS",
        "repo": "nixpkgs",
        "rev": "ad0d20345219790533ebe06571f82ed6b034db31",
        "type": "github"
      },
      "original": {
        "id": "nixpkgs",
        "ref": "nixos-20.09-small",
        "type": "indirect"
      }
    },
    "nixpkgs2105": {
      "locked": {
        "lastModified": 1638196344,
        "narHash": "sha256-fkOqSkfOkl8tqxDd+zJU4kAgyLXp/ouaP+U9gpjEZZs=",
        "owner": "NixOS",
        "repo": "nixpkgs",
        "rev": "2553aee74fed8c2205a4aeb3ffd206ca14ede60f",
        "type": "github"
      },
      "original": {
        "owner": "NixOS",
        "ref": "nixos-21.05",
        "repo": "nixpkgs",
        "type": "github"
      }
    },
    "nixpkgs2111": {
      "locked": {
        "lastModified": 1638371214,
        "narHash": "sha256-0kE6KhgH7n0vyuX4aUoGsGIQOqjIx2fJavpCWtn73rc=",
        "owner": "NixOS",
        "repo": "nixpkgs",
        "rev": "a640d8394f34714578f3e6335fc767d0755d78f9",
        "type": "github"
      },
      "original": {
        "owner": "NixOS",
        "ref": "nixos-21.11",
        "repo": "nixpkgs",
        "type": "github"
      }
    },
    "nixpkgs_2": {
      "locked": {
        "lastModified": 1632864508,
        "narHash": "sha256-d127FIvGR41XbVRDPVvozUPQ/uRHbHwvfyKHwEt5xFM=",
        "owner": "NixOS",
        "repo": "nixpkgs",
        "rev": "82891b5e2c2359d7e58d08849e4c89511ab94234",
        "type": "github"
      },
      "original": {
        "id": "nixpkgs",
        "ref": "nixos-21.05-small",
        "type": "indirect"
      }
    },
    "root": {
      "inputs": {
        "dwarffs": "dwarffs",
        "nix": "nix_2",
        "nixpkgs2105": "nixpkgs2105",
        "nixpkgs2111": "nixpkgs2111",
        "rss4email": "rss4email"
      }
    },
    "rss4email": {
      "inputs": {
        "nixpkgs": [
          "nixpkgs2105"
        ]
      },
      "locked": {
        "lastModified": 1635014312,
        "narHash": "sha256-QcJKmx7DVtOqEcAvEk8PDTTykEk8yWdZYDXtaZ1Epq0=",
        "owner": "SquircleSpace",
        "repo": "rss4email",
        "rev": "d37f4714026f5a3b68654f19da483cbc99af92c7",
        "type": "github"
      },
      "original": {
        "owner": "SquircleSpace",
        "repo": "rss4email",
        "type": "github"
      }
    }
  },
  "root": "root",
  "version": 7
}
